
Microsoft Visual Studio Solution File, Format Version 12.00
# Visual Studio Version 17
VisualStudioVersion = 17.13.35818.85 d17.13
MinimumVisualStudioVersion = 10.0.40219.1
Project("{F2A71F9B-5D33-465A-A702-920D77279786}") = "Alpha", "Alpha.fsproj", "{E9763EE6-F54E-3F38-C9FA-25F98091E5BB}"
EndProject
Global
	GlobalSection(SolutionConfigurationPlatforms) = preSolution
		Debug|Any CPU = Debug|Any CPU
		Release|Any CPU = Release|Any CPU
	EndGlobalSection
	GlobalSection(ProjectConfigurationPlatforms) = postSolution
		{E9763EE6-F54E-3F38-C9FA-25F98091E5BB}.Debug|Any CPU.ActiveCfg = Debug|Any CPU
		{E9763EE6-F54E-3F38-C9FA-25F98091E5BB}.Debug|Any CPU.Build.0 = Debug|Any CPU
		{E9763EE6-F54E-3F38-C9FA-25F98091E5BB}.Release|Any CPU.ActiveCfg = Release|Any CPU
		{E9763EE6-F54E-3F38-C9FA-25F98091E5BB}.Release|Any CPU.Build.0 = Release|Any CPU
	EndGlobalSection
	GlobalSection(SolutionProperties) = preSolution
		HideSolutionNode = FALSE
	EndGlobalSection
	GlobalSection(ExtensibilityGlobals) = postSolution
		SolutionGuid = {93DF574F-03C9-4705-8486-93D811FC241D}
	EndGlobalSection
EndGlobal
